
Microsoft Visual Studio Solution File, Format Version 12.00
# Visual Studio Version 17
VisualStudioVersion = 17.9.34714.143
MinimumVisualStudioVersion = 10.0.40219.1
Project("{FAE04EC0-301F-11D3-BF4B-00C04F79EFBC}") = "MinecraftGrabber", "MinecraftGrabber.csproj", "{2FFBA78B-D183-42B1-BE03-1B842A41BC51}"
EndProject
Global
	GlobalSection(SolutionConfigurationPlatforms) = preSolution
		Debug|Any CPU = Debug|Any CPU
		Release|Any CPU = Release|Any CPU
	EndGlobalSection
	GlobalSection(ProjectConfigurationPlatforms) = postSolution
		{2FFBA78B-D183-42B1-BE03-1B842A41BC51}.Debug|Any CPU.ActiveCfg = Debug|Any CPU
		{2FFBA78B-D183-42B1-BE03-1B842A41BC51}.Debug|Any CPU.Build.0 = Debug|Any CPU
		{2FFBA78B-D183-42B1-BE03-1B842A41BC51}.Release|Any CPU.ActiveCfg = Release|Any CPU
		{2FFBA78B-D183-42B1-BE03-1B842A41BC51}.Release|Any CPU.Build.0 = Release|Any CPU
	EndGlobalSection
	GlobalSection(SolutionProperties) = preSolution
		HideSolutionNode = FALSE
	EndGlobalSection
	GlobalSection(ExtensibilityGlobals) = postSolution
		SolutionGuid = {F1BE964E-196C-47D6-A861-F570A2FA65FD}
	EndGlobalSection
EndGlobal
